github.com/andybalholm/brotli v1.0.6 h1:Yf9fFpf49Zrxb9NlQaluyE92/+X7UVHlhMNJN2sxfOI=
github.com/andybalholm/brotli v1.0.6/go.mod h1:fO7iG3H7G2nSZ7m0zPUDn85XEX2GTukHGRSepvi9Eig=
github.com/awnumar/fastrand v0.0.0-20210315215012-30ee0990fa2d h1:NkqtWyrOjr0QK1FSCmXS6Whbwh100Qt74SaRn92PemU=
github.com/awnumar/fastrand v0.0.0-20210315215012-30ee0990fa2d/go.mod h1:TO59kqNCiDBKS0qjRYUI8qJtkFL6SkP2EKqeOQ6xg/o=
github.com/awnumar/memcall v0.0.0-20190811121346-2affb857f00a/go.mod h1:sbEXyqNZZ3Cebk+6zOUmFNN8OuHHlugjiUmqn2tfiiM=
github.com/awnumar/memcall v0.0.0-20190816154910-db5ea08008a3 h1:pq6ZBJsmKeTOUOgeX3Ed6Td4loLrca4xIq6lstFN7AI=
github.com/awnumar/memcall v0.0.0-20190816154910-db5ea08008a3/go.mod h1:CszzLMKGwNr15cNA+0SuWkZLnPXGgUw+9kxRNbwUVnE=
github.com/awnumar/memguard v0.19.1 h1:y9k2r1XKaBeLWvB3kyQPNyxD/+qxwDjeZwX+4VZXzUk=
github.com/awnumar/memguard v0.19.1/go.mod h1:tewJ+MrJ12cFtR5gH5zNJs8A6BjBv8709binaV+1pws=
github.com/cloudflare/circl v1.3.7 h1:qlCDlTPz2n9fu58M0Nh1J/JzcFpfgkFHHX3O35r5vcU=
github.com/cloudflare/circl v1.3.7/go.mod h1:sRTcRWXGLrKw6yIGJ+l7amYJFfAXbZG0kBSc8r4zxgA=
github.com/coreos/go-systemd/v22 v22.5.0/go.mod h1:Y58oyj3AT4RCenI/lSvhwexgC+NSVTIJ3seZv2GcEnc=
github.com/cpuguy83/go-md2man/v2 v2.0.2/go.mod h1:tgQtvFlXSQOSOSIRvRPT7W67SCa46tRHOmNcaadrF8o=
github.com/daeuniverse/outbound v0.0.0-20250219135309-c607702d1c85 h1:g+V4WLWTZLXRCHmjgXH8W9kgYf+6QBPOS4q7plcHMFk=
github.com/daeuniverse/outbound v0.0.0-20250219135309-c607702d1c85/go.mod h1:fywFXIIfFeyG+oMat6h7MExY99CNtERbhrH0DYSr/6g=
github.com/daeuniverse/quic-go v0.0.0-20250210145620-2083199a7851 h1:AK4qfFw5CcHdOJcEpZj443NqskjhTvc+2cLOB5Cvrmk=
github.com/daeuniverse/quic-go v0.0.0-20250210145620-2083199a7851/go.mod h1:hykVjD1wT/nAFcAkagZpziNAnXLwJOOpn0Ozohtgmsw=
github.com/davecgh/go-spew v1.1.0/go.mod h1:J7Y8YcW2NihsgmVo/mv3lAwl/skON4iLHjSsI+c5H38=
github.com/davecgh/go-spew v1.1.1 h1:vj9j/u1bqnvCEfJOwUhtlOARqs3+rkHYY13jYWTU97c=
github.com/davecgh/go-spew v1.1.1/go.mod h1:J7Y8YcW2NihsgmVo/mv3lAwl/skON4iLHjSsI+c5H38=
github.com/dgryski/go-camellia v0.0.0-20191119043421-69a8a13fb23d h1:CPqTNIigGweVPT4CYb+OO2E6XyRKFOmvTHwWRLgCAlE=
github.com/dgryski/go-camellia v0.0.0-20191119043421-69a8a13fb23d/go.mod h1:QX5ZVULjAfZJux/W62Y91HvCh9hyW6enAwcrrv/sLj0=
github.com/dgryski/go-idea v0.0.0-20170306091226-d2fb45a411fb h1:zXpN5126w/mhECTkqazBkrOJIMatbPP71aSIDR5UuW4=
github.com/dgryski/go-idea v0.0.0-20170306091226-d2fb45a411fb/go.mod h1:F7WkpqJj9t98ePxB/WJGQTIDeOVPuSJ3qdn6JUjg170=
github.com/dgryski/go-metro v0.0.0-20200812162917-85c65e2d0165/go.mod h1:c9O8+fpSOX1DM8cPNSkX/qsBWdkD4yd2dpciOWQjpBw=
github.com/dgryski/go-metro v0.0.0-20211217172704-adc40b04c140 h1:y7y0Oa6UawqTFPCDw9JG6pdKt4F9pAhHv0B7FMGaGD0=
github.com/dgryski/go-metro v0.0.0-20211217172704-adc40b04c140/go.mod h1:c9O8+fpSOX1DM8cPNSkX/qsBWdkD4yd2dpciOWQjpBw=
github.com/dgryski/go-rc2 v0.0.0-20150621095337-8a9021637152 h1:ED31mPIxDJnrLt9W9dH5xgd/6KjzEACKHBVGQ33czc0=
github.com/dgryski/go-rc2 v0.0.0-20150621095337-8a9021637152/go.mod h1:I9fhc/EvSg88cDxmfQ47v35Ssz9rlFunL/KY0A1JAYI=
github.com/ebfe/rc2 v0.0.0-20131011165748-24b9757f5521 h1:fBHFH+Y/GPGFGo7LIrErQc3p2MeAhoIQNgaxPWYsSxk=
github.com/ebfe/rc2 v0.0.0-20131011165748-24b9757f5521/go.mod h1:ucvhdsUCE3TH0LoLRb6ShHiJl8e39dGlx6A4g/ujlow=
github.com/eknkc/basex v1.0.1 h1:TcyAkqh4oJXgV3WYyL4KEfCMk9W8oJCpmx1bo+jVgKY=
github.com/eknkc/basex v1.0.1/go.mod h1:k/F/exNEHFdbs3ZHuasoP2E7zeWwZblG84Y7Z59vQRo=
github.com/go-logr/logr v1.4.2 h1:6pFjapn8bFcIbiKo3XT4j/BhANplGihG6tvd+8rYgrY=
github.com/go-logr/logr v1.4.2/go.mod h1:9T104GzyrTigFIr8wt5mBrctHMim0Nb2HLGrmQ40KvY=
github.com/go-task/slim-sprig/v3 v3.0.0 h1:sUs3vkvUymDpBKi3qH1YSqBQk9+9D/8M2mN1vB6EwHI=
github.com/go-task/slim-sprig/v3 v3.0.0/go.mod h1:W848ghGpv3Qj3dhTPRyJypKRiqCdHZiAzKg9hl15HA8=
github.com/godbus/dbus/v5 v5.0.4/go.mod h1:xhWf0FNVPg57R7Z0UbKHbJfkEywrmjJnf7w5xrFpKfA=
github.com/golang/protobuf v1.5.0/go.mod h1:FsONVRAS9T7sI+LIUmWTfcYkHO4aIWwzhcaSAoJOfIk=
github.com/golang/protobuf v1.5.3 h1:KhyjKVUg7Usr/dYsdSqoFveMYd5ko72D+zANwlG1mmg=
github.com/golang/protobuf v1.5.3/go.mod h1:XVQd3VNwM+JqD3oG2Ue2ip4fOMUkwXdXDdiuN0vRsmY=
github.com/google/go-cmp v0.5.5/go.mod h1:v8dTdLbMG2kIc/vJvl+f65V22dbkXbowE6jgT/gNBxE=
github.com/google/go-cmp v0.6.0 h1:ofyhxvXcZhMsU5ulbFiLKl/XBFqE1GSq7atu8tAmTRI=
github.com/google/go-cmp v0.6.0/go.mod h1:17dUlkBOakJ0+DkrSSNjCkIjxS6bF9zb3elmeNGIjoY=
github.com/google/gofuzz v1.0.0/go.mod h1:dBl0BpW6vV/+mYPU4Po3pmUjxk6FQPldtuIdl/M65Eg=
github.com/google/pprof v0.0.0-20250208200701-d0013a598941 h1:43XjGa6toxLpeksjcxs1jIoIyr+vUfOqY2c6HB4bpoc=
github.com/google/pprof v0.0.0-20250208200701-d0013a598941/go.mod h1:vavhavw2zAxS5dIdcRluK6cSGGPlZynqzFM8NdvU144=
github.com/google/uuid v1.3.0 h1:t6JiXgmwXMjEs8VusXIJk2BXHsn+wx8BZdTaoZ5fu7I=
github.com/google/uuid v1.3.0/go.mod h1:TIyPZe4MgqvfeYDBFedMoGGpEw/LqOeaOT+nhxU+yHo=
github.com/gorilla/websocket v1.5.0 h1:PPwGk2jz7EePpoHN/+ClbZu8SPxiqlu12wZP/3sWmnc=
github.com/gorilla/websocket v1.5.0/go.mod h1:YR8l580nyteQvAITg2hZ9XVh4b55+EU/adAjf1fMHhE=
github.com/inconshreveable/mousetrap v1.1.0 h1:wN+x4NVGpMsO7ErUn/mUI3vEoE6Jt13X2s0bqwp9tc8=
github.com/inconshreveable/mousetrap v1.1.0/go.mod h1:vpF70FUmC8bwa3OWnCshd2FqLfsEA9PFc4w1p2J65bw=
github.com/json-iterator/go v1.1.12 h1:PV8peI4a0ysnczrg+LtxykD8LfKY9ML6u2jnxaEnrnM=
github.com/json-iterator/go v1.1.12/go.mod h1:e30LSqwooZae/UwlEbR2852Gd8hjQvJoHmT4TnhNGBo=
github.com/juicity/glider v0.0.0-20230805143717-947042416fa6 h1:BZYZwOK4WgiQIpbOM1EN4c4PCob6ssqqrDXGiTTcE9o=
github.com/juicity/glider v0.0.0-20230805143717-947042416fa6/go.mod h1:CRvv3wTGZh3tpBYZnQf6ZFZitsRjXll1N6KrZEEeo+I=
github.com/klauspost/compress v1.17.4 h1:Ej5ixsIri7BrIjBkRZLTo6ghwrEtHFk7ijlczPW4fZ4=
github.com/klauspost/compress v1.17.4/go.mod h1:/dCuZOvVtNoHsyb+cuJD3itjs3NbnF6KH9zAO4BDxPM=
github.com/mattn/go-colorable v0.1.12/go.mod h1:u5H1YNBxpqRaxsYJYSkiCWKzEfiAb1Gb520KVy5xxl4=
github.com/mattn/go-colorable v0.1.13 h1:fFA4WZxdEF4tXPZVKMLwD8oUnCTTo08duU7wxecdEvA=
github.com/mattn/go-colorable v0.1.13/go.mod h1:7S9/ev0klgBDR4GtXTXX8a3vIGJpMovkB8vQcUbaXHg=
github.com/mattn/go-isatty v0.0.14/go.mod h1:7GGIvUiUoEMVVmxf/4nioHXj79iQHKdU27kJ6hsGG94=
github.com/mattn/go-isatty v0.0.16/go.mod h1:kYGgaQfpe5nmfYZH+SKPsOc2e4SrIfOl2e/yFXSvRLM=
github.com/mattn/go-isatty v0.0.19 h1:JITubQf0MOLdlGRuRq+jtsDlekdYPia9ZFsB8h/APPA=
github.com/mattn/go-isatty v0.0.19/go.mod h1:W+V8PltTTMOvKvAeJH7IuucS94S2C6jfK/D7dTCTo3Y=
github.com/miekg/dns v1.1.55 h1:GoQ4hpsj0nFLYe+bWiCToyrBEJXkQfOOIvFGFy0lEgo=
github.com/miekg/dns v1.1.55/go.mod h1:uInx36IzPl7FYnDcMeVWxj9byh7DutNykX4G9Sj60FY=
github.com/modern-go/concurrent v0.0.0-20180228061459-e0a39a4cb421/go.mod h1:6dJC0mAP4ikYIbvyc7fijjWJddQyLn8Ig3JB5CqoB9Q=
github.com/modern-go/concurrent v0.0.0-20180306012644-bacd9c7ef1dd h1:TRLaZ9cD/w8PVh93nsPXa1VrQ6jlwL5oN8l14QlcNfg=
github.com/modern-go/concurrent v0.0.0-20180306012644-bacd9c7ef1dd/go.mod h1:6dJC0mAP4ikYIbvyc7fijjWJddQyLn8Ig3JB5CqoB9Q=
github.com/modern-go/reflect2 v1.0.2 h1:xBagoLtFs94CBntxluKeaWgTMpvLxC4ur3nMaC9Gz0M=
github.com/modern-go/reflect2 v1.0.2/go.mod h1:yWuevngMOJpCy52FWWMvUC8ws7m/LJsjYzDa0/r8luk=
github.com/mzz2017/disk-bloom v1.0.1 h1:rEF9MiXd9qMW3ibRpqcerLXULoTgRlM21yqqJl1B90M=
github.com/mzz2017/disk-bloom v1.0.1/go.mod h1:JLHETtUu44Z6iBmsqzkOtFlRvXSlKnxjwiBRDapizDI=
github.com/onsi/ginkgo/v2 v2.22.2 h1:/3X8Panh8/WwhU/3Ssa6rCKqPLuAkVY2I0RoyDLySlU=
github.com/onsi/ginkgo/v2 v2.22.2/go.mod h1:oeMosUL+8LtarXBHu/c0bx2D/K9zyQ6uX3cTyztHwsk=
github.com/onsi/gomega v1.36.2 h1:koNYke6TVk6ZmnyHrCXba/T/MoLBXFjeC1PtvYgw0A8=
github.com/onsi/gomega v1.36.2/go.mod h1:DdwyADRjrc825LhMEkD76cHR5+pUnjhUN8GlHlRPHzY=
github.com/pkg/errors v0.9.1/go.mod h1:bwawxfHBFNV+L2hUp1rHADufV3IMtnDRdf1r5NINEl0=
github.com/pmezard/go-difflib v1.0.0 h1:4DBwDE0NGyQoBHbLQYPwSUPoCMWR5BEzIk/f1lZbAQM=
github.com/pmezard/go-difflib v1.0.0/go.mod h1:iKH77koFhYxTK1pcRnkKkqfTogsbg7gZNVY4sRDYZ/4=
github.com/refraction-networking/utls v1.6.4 h1:aeynTroaYn7y+mFtqv8D0bQ4bw0y9nJHneGxJ7lvRDM=
github.com/refraction-networking/utls v1.6.4/go.mod h1:2VL2xfiqgFAZtJKeUTlf+PSYFs3Eu7km0gCtXJ3m8zs=
github.com/rs/xid v1.5.0/go.mod h1:trrq9SKmegXys3aeAKXMUTdJsYXVwGY3RLcfgqegfbg=
github.com/rs/zerolog v1.30.0 h1:SymVODrcRsaRaSInD9yQtKbtWqwsfoPcRff/oRXLj4c=
github.com/rs/zerolog v1.30.0/go.mod h1:/tk+P47gFdPXq4QYjvCmT5/Gsug2nagsFWBWhAiSi1w=
github.com/russross/blackfriday/v2 v2.1.0/go.mod h1:+Rmxgy9KzJVeS9/2gXHxylqXiyQDYRxCVz55jmeOWTM=
github.com/seiflotfy/cuckoofilter v0.0.0-20220411075957-e3b120b3f5fb h1:XfLJSPIOUX+osiMraVgIrMR27uMXnRJWGm1+GL8/63U=
github.com/seiflotfy/cuckoofilter v0.0.0-20220411075957-e3b120b3f5fb/go.mod h1:bR6DqgcAl1zTcOX8/pE2Qkj9XO00eCNqmKb7lXP8EAg=
github.com/sourcegraph/conc v0.3.0 h1:OQTbbt6P72L20UqAkXXuLOj79LfEanQ+YQFNpLA9ySo=
github.com/sourcegraph/conc v0.3.0/go.mod h1:Sdozi7LEKbFPqYX2/J+iBAM6HpqSLTASQIKqDmF7Mt0=
github.com/spf13/cobra v1.7.0 h1:hyqWnYt1ZQShIddO5kBpj3vu05/++x6tJ6dg8EC572I=
github.com/spf13/cobra v1.7.0/go.mod h1:uLxZILRyS/50WlhOIKD7W6V5bgeIt+4sICxh6uRMrb0=
github.com/spf13/pflag v1.0.5 h1:iy+VFUOCP1a+8yFto/drg2CJ5u0yRoB7fZw3DKv/JXA=
github.com/spf13/pflag v1.0.5/go.mod h1:McXfInJRrz4CZXVZOBLb0bTZqETkiAhM9Iw0y3An2Bg=
github.com/stretchr/objx v0.1.0/go.mod h1:HFkY916IF+rwdDfMAkV7OtwuqBVzrE8GR6GFx+wExME=
github.com/stretchr/testify v1.3.0/go.mod h1:M5WIy9Dh21IEIfnGCwXGc5bZfKNJtfHm1UVUgZn+9EI=
github.com/stretchr/testify v1.4.0/go.mod h1:j7eGeouHqKxXV5pUuKE4zz7dFj8WfuZ+81PSLYec5m4=
github.com/stretchr/testify v1.6.1/go.mod h1:6Fq8oRcR53rry900zMqJjRRixrwX3KX962/h/Wwjteg=
github.com/stretchr/testify v1.9.0 h1:HtqpIVDClZ4nwg75+f6Lvsy/wHu+3BoSGCbBAcpTsTg=
github.com/stretchr/testify v1.9.0/go.mod h1:r2ic/lqez/lEtzL7wO/rwa5dbSLXVDPFyf8C91i36aY=
gitlab.com/yawning/chacha20.git v0.0.0-20230427033715-7877545b1b37 h1:ZrWBE3u/o9cHU2mySXf1687MaK09JOeZt1A+fHnCjmU=
gitlab.com/yawning/chacha20.git v0.0.0-20230427033715-7877545b1b37/go.mod h1:3x6b94nWCP/a2XB/joOPMiGYUBvqbLfeY/BkHLeDs6s=
go.uber.org/atomic v1.7.0 h1:ADUqmZGgLDDfbSL9ZmPxKTybcoEYHgpYfELNoN+7hsw=
go.uber.org/atomic v1.7.0/go.mod h1:fEN4uk6kAWBTFdckzkM89CLk9XfWZrxpCo0nPH17wJc=
go.uber.org/mock v0.5.0 h1:KAMbZvZPyBPWgD14IrIQ38QCyjwpvVVV6K/bHl1IwQU=
go.uber.org/mock v0.5.0/go.mod h1:ge71pBPLYDk7QIi1LupWxdAykm7KIEFchiOqd6z7qMM=
go.uber.org/multierr v1.9.0 h1:7fIwc/ZtS0q++VgcfqFDxSBZVv/Xo49/SYnDFupUwlI=
go.uber.org/multierr v1.9.0/go.mod h1:X2jQV1h+kxSjClGpnseKVIxpmcjrj7MNnI0bnlfKTVQ=
golang.org/x/crypto v0.0.0-20190308221718-c2843e01d9a2/go.mod h1:djNgcEr1/C05ACkg1iLfiJU5Ep61QUkGW8qpdssI0+w=
golang.org/x/crypto v0.0.0-20190701094942-4def268fd1a4/go.mod h1:yigFU9vqHzYiE8UmvKecakEJjdnWj3jj499lnFckfCI=
golang.org/x/crypto v0.33.0 h1:IOBPskki6Lysi0lo9qQvbxiQ+FvsCC/YWOecCHAixus=
golang.org/x/crypto v0.33.0/go.mod h1:bVdXmD7IV/4GdElGPozy6U7lWdRXA4qyRVGJV57uQ5M=
golang.org/x/exp v0.0.0-20250207012021-f9890c6ad9f3 h1:qNgPs5exUA+G0C96DrPwNrvLSj7GT/9D+3WMWUcUg34=
golang.org/x/exp v0.0.0-20250207012021-f9890c6ad9f3/go.mod h1:tujkw807nyEEAamNbDrEGzRav+ilXA7PCRAd6xsmwiU=
golang.org/x/mod v0.23.0 h1:Zb7khfcRGKk+kqfxFaP5tZqCnDZMjC5VtUBs87Hr6QM=
golang.org/x/mod v0.23.0/go.mod h1:6SkKJ3Xj0I0BrPOZoBy3bdMptDDU9oJrpohJ3eWZ1fY=
golang.org/x/net v0.0.0-20190404232315-eb5bcb51f2a3/go.mod h1:t9HGtf8HONx5eT2rtn7q6eTqICYqUVnKs3thJo3Qplg=
golang.org/x/net v0.34.0 h1:Mb7Mrk043xzHgnRM88suvJFwzVrRfHEHJEl5/71CKw0=
golang.org/x/net v0.34.0/go.mod h1:di0qlW3YNM5oh6GqDGQr92MyTozJPmybPK4Ev/Gm31k=
golang.org/x/sync v0.11.0 h1:GGz8+XQP4FvTTrjZPzNKTMFtSXH80RAzG+5ghFPgK9w=
golang.org/x/sync v0.11.0/go.mod h1:Czt+wKu1gCyEFDUtn0jG5QVvpJ6rzVqr5aXyt9drQfk=
golang.org/x/sys v0.0.0-20190215142949-d0b11bdaac8a/go.mod h1:STP8DvDyc/dI5b8T5hshtkjS+E42TnysNCUPdjciGhY=
golang.org/x/sys v0.0.0-20190412213103-97732733099d/go.mod h1:h1NjWce9XRLGQEsW7wpKNCjG9DtNlClVuFLEZdDNbEs=
golang.org/x/sys v0.0.0-20190804053845-51ab0e2deafa/go.mod h1:h1NjWce9XRLGQEsW7wpKNCjG9DtNlClVuFLEZdDNbEs=
golang.org/x/sys v0.0.0-20190813064441-fde4db37ae7a/go.mod h1:h1NjWce9XRLGQEsW7wpKNCjG9DtNlClVuFLEZdDNbEs=
golang.org/x/sys v0.0.0-20190902133755-9109b7679e13/go.mod h1:h1NjWce9XRLGQEsW7wpKNCjG9DtNlClVuFLEZdDNbEs=
golang.org/x/sys v0.0.0-20210630005230-0f9fa26af87c/go.mod h1:oPkhp1MJrh7nUepCBck5+mAzfO9JrbApNNgaTdGDITg=
golang.org/x/sys v0.0.0-20210927094055-39ccf1dd6fa6/go.mod h1:oPkhp1MJrh7nUepCBck5+mAzfO9JrbApNNgaTdGDITg=
golang.org/x/sys v0.0.0-20220811171246-fbc7d0a398ab/go.mod h1:oPkhp1MJrh7nUepCBck5+mAzfO9JrbApNNgaTdGDITg=
golang.org/x/sys v0.6.0/go.mod h1:oPkhp1MJrh7nUepCBck5+mAzfO9JrbApNNgaTdGDITg=
golang.org/x/sys v0.30.0 h1:QjkSwP/36a20jFYWkSue1YwXzLmsV5Gfq7Eiy72C1uc=
golang.org/x/sys v0.30.0/go.mod h1:/VUhepiaJMQUp4+oa/7Zr1D23ma6VTLIYjOOTFZPUcA=
golang.org/x/text v0.3.0/go.mod h1:NqM8EUOU14njkJ3fqMW+pc6Ldnwhi/IjpwHt7yyuwOQ=
golang.org/x/text v0.22.0 h1:bofq7m3/HAFvbF51jz3Q9wLg3jkvSPuiZu/pD1XwgtM=
golang.org/x/text v0.22.0/go.mod h1:YRoo4H8PVmsu+E3Ou7cqLVH8oXWIHVoX0jqUWALQhfY=
golang.org/x/time v0.5.0 h1:o7cqy6amK/52YcAKIPlM3a+Fpj35zvRj2TP+e1xFSfk=
golang.org/x/time v0.5.0/go.mod h1:3BpzKBy/shNhVucY/MWOyx10tF3SFh9QdLuxbVysPQM=
golang.org/x/tools v0.29.0 h1:Xx0h3TtM9rzQpQuR4dKLrdglAmCEN5Oi+P74JdhdzXE=
golang.org/x/tools v0.29.0/go.mod h1:KMQVMRsVxU6nHCFXrBPhDB8XncLNLM0lIy/F14RP588=
golang.org/x/xerrors v0.0.0-20191204190536-9bdfabe68543/go.mod h1:I/5z698sn9Ka8TeJc9MKroUUfqBBauWjQqLJ2OPfmY0=
google.golang.org/genproto/googleapis/rpc v0.0.0-20230807174057-1744710a1577 h1:wukfNtZmZUurLN/atp2hiIeTKn7QJWIQdHzqmsOnAOk=
google.golang.org/genproto/googleapis/rpc v0.0.0-20230807174057-1744710a1577/go.mod h1:+Bk1OCOj40wS2hwAMA+aCW9ypzm63QTBBHp6lQ3p+9M=
google.golang.org/grpc v1.57.0 h1:kfzNeI/klCGD2YPMUlaGNT3pxvYfga7smW3Vth8Zsiw=
google.golang.org/grpc v1.57.0/go.mod h1:Sd+9RMTACXwmub0zcNY2c4arhtrbBYD1AUHI/dt16Mo=
google.golang.org/protobuf v1.26.0-rc.1/go.mod h1:jlhhOSvTdKEhbULTjvd4ARK9grFBp09yW+WbY/TyQbw=
google.golang.org/protobuf v1.26.0/go.mod h1:9q0QmTI4eRPtz6boOQmLYwt+qCgq0jsYwAQnmE0givc=
google.golang.org/protobuf v1.36.1 h1:yBPeRvTftaleIgM3PZ/WBIZ7XM/eEYAaEyCwvyjq/gk=
google.golang.org/protobuf v1.36.1/go.mod h1:9fA7Ob0pmnwhb644+1+CVWFRbNajQ6iRojtC/QF5bRE=
gopkg.in/check.v1 v0.0.0-20161208181325-20d25e280405/go.mod h1:Co6ibVJAznAaIkqp8huTwlJQCZ016jof/cbN4VW5Yz0=
gopkg.in/natefinch/lumberjack.v2 v2.2.1 h1:bBRl1b0OH9s/DuPhuXpNl+VtCaJXFZ5/uEFST95x9zc=
gopkg.in/natefinch/lumberjack.v2 v2.2.1/go.mod h1:YD8tP3GAjkrDg1eZH7EGmyESg/lsYskCTPBJVb9jqSc=
gopkg.in/yaml.v2 v2.2.2/go.mod h1:hI93XBmqTisBFMUTm0b8Fm+jr3Dg1NNxqwp+5A1VGuI=
gopkg.in/yaml.v3 v3.0.0-20200313102051-9f266ea9e77c/go.mod h1:K4uyk7z7BCEPqu6E+C64Yfv1cQ7kz7rIZviUmN+EgEM=
gopkg.in/yaml.v3 v3.0.0-20200605160147-a5ece683394c/go.mod h1:K4uyk7z7BCEPqu6E+C64Yfv1cQ7kz7rIZviUmN+EgEM=
gopkg.in/yaml.v3 v3.0.1 h1:fxVm/GzAzEWqLHuvctI91KS9hhNmmWOoWu0XTYJS7CA=
gopkg.in/yaml.v3 v3.0.1/go.mod h1:K4uyk7z7BCEPqu6E+C64Yfv1cQ7kz7rIZviUmN+EgEM=
